
Microsoft Visual Studio Solution File, Format Version 12.00
# Visual Studio 15
VisualStudioVersion = 15.0.27703.2026
MinimumVisualStudioVersion = 10.0.40219.1
Project("{FAE04EC0-301F-11D3-BF4B-00C04F79EFBC}") = "HttpHeadersViewer", "HttpHeadersViewer.csproj", "{02FEB5D7-29AB-4B01-8693-B57C7DBE35D1}"
EndProject
Global
	GlobalSection(SolutionConfigurationPlatforms) = preSolution
		Debug|Any CPU = Debug|Any CPU
		Release|Any CPU = Release|Any CPU
	EndGlobalSection
	GlobalSection(ProjectConfigurationPlatforms) = postSolution
		{02FEB5D7-29AB-4B01-8693-B57C7DBE35D1}.Debug|Any CPU.ActiveCfg = Debug|Any CPU
		{02FEB5D7-29AB-4B01-8693-B57C7DBE35D1}.Debug|Any CPU.Build.0 = Debug|Any CPU
		{02FEB5D7-29AB-4B01-8693-B57C7DBE35D1}.Release|Any CPU.ActiveCfg = Release|Any CPU
		{02FEB5D7-29AB-4B01-8693-B57C7DBE35D1}.Release|Any CPU.Build.0 = Release|Any CPU
	EndGlobalSection
	GlobalSection(SolutionProperties) = preSolution
		HideSolutionNode = FALSE
	EndGlobalSection
	GlobalSection(ExtensibilityGlobals) = postSolution
		SolutionGuid = {881DBD81-BFC9-45C4-841B-70C70F1CDFC9}
	EndGlobalSection
EndGlobal
