
Microsoft Visual Studio Solution File, Format Version 12.00
# Visual Studio Version 16
VisualStudioVersion = 16.0.29509.3
MinimumVisualStudioVersion = 10.0.40219.1
Project("{FAE04EC0-301F-11D3-BF4B-00C04F79EFBC}") = "HttpHeadersViewer", "HttpHeadersViewer.csproj", "{02FEB5D7-29AB-4B01-8693-B57C7DBE35D1}"
EndProject
Global
	GlobalSection(SolutionConfigurationPlatforms) = preSolution
		Debug|x64 = Debug|x64
		Release|x64 = Release|x64
	EndGlobalSection
	GlobalSection(ProjectConfigurationPlatforms) = postSolution
		{02FEB5D7-29AB-4B01-8693-B57C7DBE35D1}.Debug|x64.ActiveCfg = Debug|x64
		{02FEB5D7-29AB-4B01-8693-B57C7DBE35D1}.Debug|x64.Build.0 = Debug|x64
		{02FEB5D7-29AB-4B01-8693-B57C7DBE35D1}.Release|x64.ActiveCfg = Release|x64
		{02FEB5D7-29AB-4B01-8693-B57C7DBE35D1}.Release|x64.Build.0 = Release|x64
	EndGlobalSection
	GlobalSection(SolutionProperties) = preSolution
		HideSolutionNode = FALSE
	EndGlobalSection
	GlobalSection(ExtensibilityGlobals) = postSolution
		SolutionGuid = {881DBD81-BFC9-45C4-841B-70C70F1CDFC9}
	EndGlobalSection
EndGlobal
